{
  "name": "Lr4",
  "lockfileVersion": 2,
  "requires": true,
  "packages": {
    "": {
      "dependencies": {
        "persist": "^0.2.7",
        "pinia": "^2.0.30"
      }
    },
    "node_modules/@vue/devtools-api": {
      "version": "6.5.0",
      "resolved": "https://registry.npmjs.org/@vue/devtools-api/-/devtools-api-6.5.0.tgz",
      "integrity": "sha512-o9KfBeaBmCKl10usN4crU53fYtC1r7jJwdGKjPT24t348rHxgfpZ0xL3Xm/gLUYnc0oTp8LAmrxOeLyu6tbk2Q=="
    },
    "node_modules/async": {
      "version": "0.1.15",
      "resolved": "https://registry.npmjs.org/async/-/async-0.1.15.tgz",
      "integrity": "sha512-AGVE6WcRsWX4QudgrVhdDUKAgCv67EwmzP3yEny/AI7/WqM+J8CStwMbGqeXC9p8ih4qota04EaMim/WvA8OCw==",
      "engines": {
        "node": "*"
      }
    },
    "node_modules/db-info": {
      "version": "0.0.3",
      "resolved": "https://registry.npmjs.org/db-info/-/db-info-0.0.3.tgz",
      "integrity": "sha512-sDjwqY6n5QDs4Y+2YhqCvrTaKXdylzIhp7uiAFB2I1zg7jFeL875HQJAlxU7Bzt2++x48AU5/TLDNuPjBRLHdg==",
      "dependencies": {
        "async": "~>0.1.15",
        "optimist": "~0.3.0"
      },
      "engines": {
        "node": ">=0.6.0"
      }
    },
    "node_modules/generic-pool": {
      "version": "2.0.4",
      "resolved": "https://registry.npmjs.org/generic-pool/-/generic-pool-2.0.4.tgz",
      "integrity": "sha512-xcsu0Ilg9g5C1uGgx6AriaM+3i5kSrFQ40SFjE4db27Saxq+yoI2QqMa+zmpd4xeoVmtwUD3sc9mQSaQszHuaA==",
      "engines": {
        "node": ">= 0.2.0"
      }
    },
    "node_modules/optimist": {
      "version": "0.3.7",
      "resolved": "https://registry.npmjs.org/optimist/-/optimist-0.3.7.tgz",
      "integrity": "sha512-TCx0dXQzVtSCg2OgY/bO9hjM9cV4XYx09TVK+s3+FhkjT6LovsLe+pPMzpWf+6yXK/hUizs2gUoTw3jHM0VaTQ==",
      "dependencies": {
        "wordwrap": "~0.0.2"
      }
    },
    "node_modules/over": {
      "version": "0.0.5",
      "resolved": "https://registry.npmjs.org/over/-/over-0.0.5.tgz",
      "integrity": "sha512-EEc3GCT5ce2VgLYKGeomTSgQT+4wkS13Ya9XzKiskHtemWPx0YhVErn7PtiowTOsYtRlFe6FksgwFeWG1aOJdg==",
      "engines": {
        "node": "*"
      }
    },
    "node_modules/persist": {
      "version": "0.2.7",
      "resolved": "https://registry.npmjs.org/persist/-/persist-0.2.7.tgz",
      "integrity": "sha512-qO0Ddk4g9Zqq1QggASJMRDUMB5y+SVVdnnGEDosxVmGZfRjHrk4Bcn8GDPReRmjsQf26Et8XBHWTEtQLYncQTQ==",
      "dependencies": {
        "async": "0.1.15",
        "db-info": "0.0.3",
        "generic-pool": "~2.0.2",
        "over": ">=0.0.5"
      },
      "engines": {
        "node": ">=0.6.0"
      }
    },
    "node_modules/pinia": {
      "version": "2.0.30",
      "resolved": "https://registry.npmjs.org/pinia/-/pinia-2.0.30.tgz",
      "integrity": "sha512-q6DUmxWwe/mQgg+55QQjykpKC+aGeGdaJV3niminl19V08dE+LRTvSEuqi6/NLSGCKHI49KGL6tMNEOssFiMyA==",
      "dependencies": {
        "@vue/devtools-api": "^6.4.5",
        "vue-demi": "*"
      },
      "funding": {
        "url": "https://github.com/sponsors/posva"
      },
      "peerDependencies": {
        "@vue/composition-api": "^1.4.0",
        "typescript": ">=4.4.4",
        "vue": "^2.6.14 || ^3.2.0"
      },
      "peerDependenciesMeta": {
        "@vue/composition-api": {
          "optional": true
        },
        "typescript": {
          "optional": true
        }
      }
    },
    "node_modules/vue": {
      "version": "2.6.14",
      "resolved": "https://registry.npmjs.org/vue/-/vue-2.6.14.tgz",
      "integrity": "sha512-x2284lgYvjOMj3Za7kqzRcUSxBboHqtgRE2zlos1qWaOye5yUmHn42LB1250NJBLRwEcdrB0JRwyPTEPhfQjiQ==",
      "peer": true
    },
    "node_modules/vue-demi": {
      "version": "0.13.11",
      "resolved": "https://registry.npmjs.org/vue-demi/-/vue-demi-0.13.11.tgz",
      "integrity": "sha512-IR8HoEEGM65YY3ZJYAjMlKygDQn25D5ajNFNoKh9RSDMQtlzCxtfQjdQgv9jjK+m3377SsJXY8ysq8kLCZL25A==",
      "hasInstallScript": true,
      "bin": {
        "vue-demi-fix": "bin/vue-demi-fix.js",
        "vue-demi-switch": "bin/vue-demi-switch.js"
      },
      "engines": {
        "node": ">=12"
      },
      "funding": {
        "url": "https://github.com/sponsors/antfu"
      },
      "peerDependencies": {
        "@vue/composition-api": "^1.0.0-rc.1",
        "vue": "^3.0.0-0 || ^2.6.0"
      },
      "peerDependenciesMeta": {
        "@vue/composition-api": {
          "optional": true
        }
      }
    },
    "node_modules/wordwrap": {
      "version": "0.0.3",
      "resolved": "https://registry.npmjs.org/wordwrap/-/wordwrap-0.0.3.tgz",
      "integrity": "sha512-1tMA907+V4QmxV7dbRvb4/8MaRALK6q9Abid3ndMYnbyo8piisCmeONVqVSXqQA3KaP4SLt5b7ud6E2sqP8TFw==",
      "engines": {
        "node": ">=0.4.0"
      }
    }
  },
  "dependencies": {
    "@vue/devtools-api": {
      "version": "6.5.0",
      "resolved": "https://registry.npmjs.org/@vue/devtools-api/-/devtools-api-6.5.0.tgz",
      "integrity": "sha512-o9KfBeaBmCKl10usN4crU53fYtC1r7jJwdGKjPT24t348rHxgfpZ0xL3Xm/gLUYnc0oTp8LAmrxOeLyu6tbk2Q=="
    },
    "async": {
      "version": "0.1.15",
      "resolved": "https://registry.npmjs.org/async/-/async-0.1.15.tgz",
      "integrity": "sha512-AGVE6WcRsWX4QudgrVhdDUKAgCv67EwmzP3yEny/AI7/WqM+J8CStwMbGqeXC9p8ih4qota04EaMim/WvA8OCw=="
    },
    "db-info": {
      "version": "0.0.3",
      "resolved": "https://registry.npmjs.org/db-info/-/db-info-0.0.3.tgz",
      "integrity": "sha512-sDjwqY6n5QDs4Y+2YhqCvrTaKXdylzIhp7uiAFB2I1zg7jFeL875HQJAlxU7Bzt2++x48AU5/TLDNuPjBRLHdg==",
      "requires": {
        "async": "~>0.1.15",
        "optimist": "~0.3.0"
      }
    },
    "generic-pool": {
      "version": "2.0.4",
      "resolved": "https://registry.npmjs.org/generic-pool/-/generic-pool-2.0.4.tgz",
      "integrity": "sha512-xcsu0Ilg9g5C1uGgx6AriaM+3i5kSrFQ40SFjE4db27Saxq+yoI2QqMa+zmpd4xeoVmtwUD3sc9mQSaQszHuaA=="
    },
    "optimist": {
      "version": "0.3.7",
      "resolved": "https://registry.npmjs.org/optimist/-/optimist-0.3.7.tgz",
      "integrity": "sha512-TCx0dXQzVtSCg2OgY/bO9hjM9cV4XYx09TVK+s3+FhkjT6LovsLe+pPMzpWf+6yXK/hUizs2gUoTw3jHM0VaTQ==",
      "requires": {
        "wordwrap": "~0.0.2"
      }
    },
    "over": {
      "version": "0.0.5",
      "resolved": "https://registry.npmjs.org/over/-/over-0.0.5.tgz",
      "integrity": "sha512-EEc3GCT5ce2VgLYKGeomTSgQT+4wkS13Ya9XzKiskHtemWPx0YhVErn7PtiowTOsYtRlFe6FksgwFeWG1aOJdg=="
    },
    "persist": {
      "version": "0.2.7",
      "resolved": "https://registry.npmjs.org/persist/-/persist-0.2.7.tgz",
      "integrity": "sha512-qO0Ddk4g9Zqq1QggASJMRDUMB5y+SVVdnnGEDosxVmGZfRjHrk4Bcn8GDPReRmjsQf26Et8XBHWTEtQLYncQTQ==",
      "requires": {
        "async": "0.1.15",
        "db-info": "0.0.3",
        "generic-pool": "~2.0.2",
        "over": ">=0.0.5"
      }
    },
    "pinia": {
      "version": "2.0.30",
      "resolved": "https://registry.npmjs.org/pinia/-/pinia-2.0.30.tgz",
      "integrity": "sha512-q6DUmxWwe/mQgg+55QQjykpKC+aGeGdaJV3niminl19V08dE+LRTvSEuqi6/NLSGCKHI49KGL6tMNEOssFiMyA==",
      "requires": {
        "@vue/devtools-api": "^6.4.5",
        "vue-demi": "*"
      }
    },
    "vue": {
      "version": "2.6.14",
      "resolved": "https://registry.npmjs.org/vue/-/vue-2.6.14.tgz",
      "integrity": "sha512-x2284lgYvjOMj3Za7kqzRcUSxBboHqtgRE2zlos1qWaOye5yUmHn42LB1250NJBLRwEcdrB0JRwyPTEPhfQjiQ==",
      "peer": true
    },
    "vue-demi": {
      "version": "0.13.11",
      "resolved": "https://registry.npmjs.org/vue-demi/-/vue-demi-0.13.11.tgz",
      "integrity": "sha512-IR8HoEEGM65YY3ZJYAjMlKygDQn25D5ajNFNoKh9RSDMQtlzCxtfQjdQgv9jjK+m3377SsJXY8ysq8kLCZL25A==",
      "requires": {}
    },
    "wordwrap": {
      "version": "0.0.3",
      "resolved": "https://registry.npmjs.org/wordwrap/-/wordwrap-0.0.3.tgz",
      "integrity": "sha512-1tMA907+V4QmxV7dbRvb4/8MaRALK6q9Abid3ndMYnbyo8piisCmeONVqVSXqQA3KaP4SLt5b7ud6E2sqP8TFw=="
    }
  }
}
